
Microsoft Visual Studio Solution File, Format Version 12.00
# Visual Studio Version 17
VisualStudioVersion = 17.14.36401.2
MinimumVisualStudioVersion = 10.0.40219.1
Project("{FAE04EC0-301F-11D3-BF4B-00C04F79EFBC}") = "BinarySerialization", "BinarySerialization\BinarySerialization.csproj", "{D1222EF2-E806-425C-9E2B-B88E39EDD495}"
EndProject
Project("{FAE04EC0-301F-11D3-BF4B-00C04F79EFBC}") = "XMLSerialization", "XMLSerialization\XMLSerialization.csproj", "{05631581-C850-4AEE-9071-CF6D06AE88B9}"
EndProject
Project("{FAE04EC0-301F-11D3-BF4B-00C04F79EFBC}") = "JsonSerialization", "JsonSerialization\JsonSerialization.csproj", "{2A0569CD-F106-4005-B6A5-60A42118F347}"
EndProject
Project("{FAE04EC0-301F-11D3-BF4B-00C04F79EFBC}") = "CustomBinarySerialization", "CustomBinarySerialization\CustomBinarySerialization.csproj", "{A03354E5-6142-4E60-B6CC-BBCDE51DA52E}"
EndProject
Project("{FAE04EC0-301F-11D3-BF4B-00C04F79EFBC}") = "DeepCloning", "DeepCloning\DeepCloning.csproj", "{3C265EEF-2EFB-4E1F-B36A-9AF7BE2BB571}"
EndProject
Global
	GlobalSection(SolutionConfigurationPlatforms) = preSolution
		Debug|Any CPU = Debug|Any CPU
		Debug|x64 = Debug|x64
		Debug|x86 = Debug|x86
		Release|Any CPU = Release|Any CPU
		Release|x64 = Release|x64
		Release|x86 = Release|x86
	EndGlobalSection
	GlobalSection(ProjectConfigurationPlatforms) = postSolution
		{D1222EF2-E806-425C-9E2B-B88E39EDD495}.Debug|Any CPU.ActiveCfg = Debug|Any CPU
		{D1222EF2-E806-425C-9E2B-B88E39EDD495}.Debug|Any CPU.Build.0 = Debug|Any CPU
		{D1222EF2-E806-425C-9E2B-B88E39EDD495}.Debug|x64.ActiveCfg = Debug|Any CPU
		{D1222EF2-E806-425C-9E2B-B88E39EDD495}.Debug|x64.Build.0 = Debug|Any CPU
		{D1222EF2-E806-425C-9E2B-B88E39EDD495}.Debug|x86.ActiveCfg = Debug|Any CPU
		{D1222EF2-E806-425C-9E2B-B88E39EDD495}.Debug|x86.Build.0 = Debug|Any CPU
		{D1222EF2-E806-425C-9E2B-B88E39EDD495}.Release|Any CPU.ActiveCfg = Release|Any CPU
		{D1222EF2-E806-425C-9E2B-B88E39EDD495}.Release|Any CPU.Build.0 = Release|Any CPU
		{D1222EF2-E806-425C-9E2B-B88E39EDD495}.Release|x64.ActiveCfg = Release|Any CPU
		{D1222EF2-E806-425C-9E2B-B88E39EDD495}.Release|x64.Build.0 = Release|Any CPU
		{D1222EF2-E806-425C-9E2B-B88E39EDD495}.Release|x86.ActiveCfg = Release|Any CPU
		{D1222EF2-E806-425C-9E2B-B88E39EDD495}.Release|x86.Build.0 = Release|Any CPU
		{05631581-C850-4AEE-9071-CF6D06AE88B9}.Debug|Any CPU.ActiveCfg = Debug|Any CPU
		{05631581-C850-4AEE-9071-CF6D06AE88B9}.Debug|Any CPU.Build.0 = Debug|Any CPU
		{05631581-C850-4AEE-9071-CF6D06AE88B9}.Debug|x64.ActiveCfg = Debug|Any CPU
		{05631581-C850-4AEE-9071-CF6D06AE88B9}.Debug|x64.Build.0 = Debug|Any CPU
		{05631581-C850-4AEE-9071-CF6D06AE88B9}.Debug|x86.ActiveCfg = Debug|Any CPU
		{05631581-C850-4AEE-9071-CF6D06AE88B9}.Debug|x86.Build.0 = Debug|Any CPU
		{05631581-C850-4AEE-9071-CF6D06AE88B9}.Release|Any CPU.ActiveCfg = Release|Any CPU
		{05631581-C850-4AEE-9071-CF6D06AE88B9}.Release|Any CPU.Build.0 = Release|Any CPU
		{05631581-C850-4AEE-9071-CF6D06AE88B9}.Release|x64.ActiveCfg = Release|Any CPU
		{05631581-C850-4AEE-9071-CF6D06AE88B9}.Release|x64.Build.0 = Release|Any CPU
		{05631581-C850-4AEE-9071-CF6D06AE88B9}.Release|x86.ActiveCfg = Release|Any CPU
		{05631581-C850-4AEE-9071-CF6D06AE88B9}.Release|x86.Build.0 = Release|Any CPU
		{2A0569CD-F106-4005-B6A5-60A42118F347}.Debug|Any CPU.ActiveCfg = Debug|Any CPU
		{2A0569CD-F106-4005-B6A5-60A42118F347}.Debug|Any CPU.Build.0 = Debug|Any CPU
		{2A0569CD-F106-4005-B6A5-60A42118F347}.Debug|x64.ActiveCfg = Debug|Any CPU
		{2A0569CD-F106-4005-B6A5-60A42118F347}.Debug|x64.Build.0 = Debug|Any CPU
		{2A0569CD-F106-4005-B6A5-60A42118F347}.Debug|x86.ActiveCfg = Debug|Any CPU
		{2A0569CD-F106-4005-B6A5-60A42118F347}.Debug|x86.Build.0 = Debug|Any CPU
		{2A0569CD-F106-4005-B6A5-60A42118F347}.Release|Any CPU.ActiveCfg = Release|Any CPU
		{2A0569CD-F106-4005-B6A5-60A42118F347}.Release|Any CPU.Build.0 = Release|Any CPU
		{2A0569CD-F106-4005-B6A5-60A42118F347}.Release|x64.ActiveCfg = Release|Any CPU
		{2A0569CD-F106-4005-B6A5-60A42118F347}.Release|x64.Build.0 = Release|Any CPU
		{2A0569CD-F106-4005-B6A5-60A42118F347}.Release|x86.ActiveCfg = Release|Any CPU
		{2A0569CD-F106-4005-B6A5-60A42118F347}.Release|x86.Build.0 = Release|Any CPU
		{A03354E5-6142-4E60-B6CC-BBCDE51DA52E}.Debug|Any CPU.ActiveCfg = Debug|Any CPU
		{A03354E5-6142-4E60-B6CC-BBCDE51DA52E}.Debug|Any CPU.Build.0 = Debug|Any CPU
		{A03354E5-6142-4E60-B6CC-BBCDE51DA52E}.Debug|x64.ActiveCfg = Debug|Any CPU
		{A03354E5-6142-4E60-B6CC-BBCDE51DA52E}.Debug|x64.Build.0 = Debug|Any CPU
		{A03354E5-6142-4E60-B6CC-BBCDE51DA52E}.Debug|x86.ActiveCfg = Debug|Any CPU
		{A03354E5-6142-4E60-B6CC-BBCDE51DA52E}.Debug|x86.Build.0 = Debug|Any CPU
		{A03354E5-6142-4E60-B6CC-BBCDE51DA52E}.Release|Any CPU.ActiveCfg = Release|Any CPU
		{A03354E5-6142-4E60-B6CC-BBCDE51DA52E}.Release|Any CPU.Build.0 = Release|Any CPU
		{A03354E5-6142-4E60-B6CC-BBCDE51DA52E}.Release|x64.ActiveCfg = Release|Any CPU
		{A03354E5-6142-4E60-B6CC-BBCDE51DA52E}.Release|x64.Build.0 = Release|Any CPU
		{A03354E5-6142-4E60-B6CC-BBCDE51DA52E}.Release|x86.ActiveCfg = Release|Any CPU
		{A03354E5-6142-4E60-B6CC-BBCDE51DA52E}.Release|x86.Build.0 = Release|Any CPU
		{3C265EEF-2EFB-4E1F-B36A-9AF7BE2BB571}.Debug|Any CPU.ActiveCfg = Debug|Any CPU
		{3C265EEF-2EFB-4E1F-B36A-9AF7BE2BB571}.Debug|Any CPU.Build.0 = Debug|Any CPU
		{3C265EEF-2EFB-4E1F-B36A-9AF7BE2BB571}.Debug|x64.ActiveCfg = Debug|Any CPU
		{3C265EEF-2EFB-4E1F-B36A-9AF7BE2BB571}.Debug|x64.Build.0 = Debug|Any CPU
		{3C265EEF-2EFB-4E1F-B36A-9AF7BE2BB571}.Debug|x86.ActiveCfg = Debug|Any CPU
		{3C265EEF-2EFB-4E1F-B36A-9AF7BE2BB571}.Debug|x86.Build.0 = Debug|Any CPU
		{3C265EEF-2EFB-4E1F-B36A-9AF7BE2BB571}.Release|Any CPU.ActiveCfg = Release|Any CPU
		{3C265EEF-2EFB-4E1F-B36A-9AF7BE2BB571}.Release|Any CPU.Build.0 = Release|Any CPU
		{3C265EEF-2EFB-4E1F-B36A-9AF7BE2BB571}.Release|x64.ActiveCfg = Release|Any CPU
		{3C265EEF-2EFB-4E1F-B36A-9AF7BE2BB571}.Release|x64.Build.0 = Release|Any CPU
		{3C265EEF-2EFB-4E1F-B36A-9AF7BE2BB571}.Release|x86.ActiveCfg = Release|Any CPU
		{3C265EEF-2EFB-4E1F-B36A-9AF7BE2BB571}.Release|x86.Build.0 = Release|Any CPU
	EndGlobalSection
	GlobalSection(SolutionProperties) = preSolution
		HideSolutionNode = FALSE
	EndGlobalSection
	GlobalSection(ExtensibilityGlobals) = postSolution
		SolutionGuid = {14F0CD36-1D29-4A0C-A77B-2B7D4D5EE246}
	EndGlobalSection
EndGlobal
