
Microsoft Visual Studio Solution File, Format Version 12.00
# Visual Studio Version 17
VisualStudioVersion = 17.14.36401.2
MinimumVisualStudioVersion = 10.0.40219.1
Project("{FAE04EC0-301F-11D3-BF4B-00C04F79EFBC}") = "Store.DAL", "Store.DAL\Store.DAL.csproj", "{3D90AC04-D95B-4968-B613-3AF1EA5A21C6}"
EndProject
Project("{FAE04EC0-301F-11D3-BF4B-00C04F79EFBC}") = "Store.DAL.Tests", "Store.DAL.Tests\Store.DAL.Tests.csproj", "{330A0220-9B31-415D-88CE-F71F95553598}"
EndProject
Global
	GlobalSection(SolutionConfigurationPlatforms) = preSolution
		Debug|Any CPU = Debug|Any CPU
		Debug|x64 = Debug|x64
		Debug|x86 = Debug|x86
		Release|Any CPU = Release|Any CPU
		Release|x64 = Release|x64
		Release|x86 = Release|x86
	EndGlobalSection
	GlobalSection(ProjectConfigurationPlatforms) = postSolution
		{3D90AC04-D95B-4968-B613-3AF1EA5A21C6}.Debug|Any CPU.ActiveCfg = Debug|Any CPU
		{3D90AC04-D95B-4968-B613-3AF1EA5A21C6}.Debug|Any CPU.Build.0 = Debug|Any CPU
		{3D90AC04-D95B-4968-B613-3AF1EA5A21C6}.Debug|x64.ActiveCfg = Debug|Any CPU
		{3D90AC04-D95B-4968-B613-3AF1EA5A21C6}.Debug|x64.Build.0 = Debug|Any CPU
		{3D90AC04-D95B-4968-B613-3AF1EA5A21C6}.Debug|x86.ActiveCfg = Debug|Any CPU
		{3D90AC04-D95B-4968-B613-3AF1EA5A21C6}.Debug|x86.Build.0 = Debug|Any CPU
		{3D90AC04-D95B-4968-B613-3AF1EA5A21C6}.Release|Any CPU.ActiveCfg = Release|Any CPU
		{3D90AC04-D95B-4968-B613-3AF1EA5A21C6}.Release|Any CPU.Build.0 = Release|Any CPU
		{3D90AC04-D95B-4968-B613-3AF1EA5A21C6}.Release|x64.ActiveCfg = Release|Any CPU
		{3D90AC04-D95B-4968-B613-3AF1EA5A21C6}.Release|x64.Build.0 = Release|Any CPU
		{3D90AC04-D95B-4968-B613-3AF1EA5A21C6}.Release|x86.ActiveCfg = Release|Any CPU
		{3D90AC04-D95B-4968-B613-3AF1EA5A21C6}.Release|x86.Build.0 = Release|Any CPU
		{330A0220-9B31-415D-88CE-F71F95553598}.Debug|Any CPU.ActiveCfg = Debug|Any CPU
		{330A0220-9B31-415D-88CE-F71F95553598}.Debug|Any CPU.Build.0 = Debug|Any CPU
		{330A0220-9B31-415D-88CE-F71F95553598}.Debug|x64.ActiveCfg = Debug|Any CPU
		{330A0220-9B31-415D-88CE-F71F95553598}.Debug|x64.Build.0 = Debug|Any CPU
		{330A0220-9B31-415D-88CE-F71F95553598}.Debug|x86.ActiveCfg = Debug|Any CPU
		{330A0220-9B31-415D-88CE-F71F95553598}.Debug|x86.Build.0 = Debug|Any CPU
		{330A0220-9B31-415D-88CE-F71F95553598}.Release|Any CPU.ActiveCfg = Release|Any CPU
		{330A0220-9B31-415D-88CE-F71F95553598}.Release|Any CPU.Build.0 = Release|Any CPU
		{330A0220-9B31-415D-88CE-F71F95553598}.Release|x64.ActiveCfg = Release|Any CPU
		{330A0220-9B31-415D-88CE-F71F95553598}.Release|x64.Build.0 = Release|Any CPU
		{330A0220-9B31-415D-88CE-F71F95553598}.Release|x86.ActiveCfg = Release|Any CPU
		{330A0220-9B31-415D-88CE-F71F95553598}.Release|x86.Build.0 = Release|Any CPU
	EndGlobalSection
	GlobalSection(SolutionProperties) = preSolution
		HideSolutionNode = FALSE
	EndGlobalSection
	GlobalSection(ExtensibilityGlobals) = postSolution
		SolutionGuid = {A9E51E22-B181-4D2A-8FB7-8FF2D0157259}
	EndGlobalSection
EndGlobal
